// !$*UTF8*$!
{
	archiveVersion = 1;
	classes = {
	};
	objectVersion = 77;
	objects = {

/* Begin PBXBuildFile section */
		649E0BC0EB7F25A027A53B5B /* AppState.swift in Sources */ = {isa = PBXBuildFile; fileRef = C08FA962BA7F298694DC4135 /* AppState.swift */; };
		6675F813F845D006D478B48A /* SottoApp.swift in Sources */ = {isa = PBXBuildFile; fileRef = F859E3D7B85FF3773AAADED6 /* SottoApp.swift */; };
		89C3C17473978AD55636D2B2 /* sotto_core.swift in Sources */ = {isa = PBXBuildFile; fileRef = A58CC4DC6C19BCF551A8B323 /* sotto_core.swift */; };
		CF9BE08BAACCE6E16AC37491 /* SettingsView.swift in Sources */ = {isa = PBXBuildFile; fileRef = 750D5B72705F687ECF0E94B7 /* SettingsView.swift */; };
		D08D80330F47AD9A4AEF4590 /* MenuBarView.swift in Sources */ = {isa = PBXBuildFile; fileRef = 24A64E7133E4C251D8BA7ED1 /* MenuBarView.swift */; };
		FBE6D7312FC1B804D19A77E4 /* RecordingOverlay.swift in Sources */ = {isa = PBXBuildFile; fileRef = C322C63635568ECCCB977831 /* RecordingOverlay.swift */; };
/* End PBXBuildFile section */

/* Begin PBXFileReference section */
		24A64E7133E4C251D8BA7ED1 /* MenuBarView.swift */ = {isa = PBXFileReference; lastKnownFileType = sourcecode.swift; path = MenuBarView.swift; sourceTree = "<group>"; };
		3B22663CE85E0B79412A9393 /* sotto_coreFFI.h */ = {isa = PBXFileReference; lastKnownFileType = sourcecode.c.h; path = sotto_coreFFI.h; sourceTree = "<group>"; };
		51B37E9B9DFD8AF4C4081CC2 /* SottoApp.app */ = {isa = PBXFileReference; explicitFileType = wrapper.application; includeInIndex = 0; path = SottoApp.app; sourceTree = BUILT_PRODUCTS_DIR; };
		750D5B72705F687ECF0E94B7 /* SettingsView.swift */ = {isa = PBXFileReference; lastKnownFileType = sourcecode.swift; path = SettingsView.swift; sourceTree = "<group>"; };
		A58CC4DC6C19BCF551A8B323 /* sotto_core.swift */ = {isa = PBXFileReference; lastKnownFileType = sourcecode.swift; path = sotto_core.swift; sourceTree = "<group>"; };
		BD2BC6259E520AD5599486E0 /* sotto_coreFFI.modulemap */ = {isa = PBXFileReference; lastKnownFileType = "sourcecode.module-map"; path = sotto_coreFFI.modulemap; sourceTree = "<group>"; };
		C08FA962BA7F298694DC4135 /* AppState.swift */ = {isa = PBXFileReference; lastKnownFileType = sourcecode.swift; path = AppState.swift; sourceTree = "<group>"; };
		C322C63635568ECCCB977831 /* RecordingOverlay.swift */ = {isa = PBXFileReference; lastKnownFileType = sourcecode.swift; path = RecordingOverlay.swift; sourceTree = "<group>"; };
		F859E3D7B85FF3773AAADED6 /* SottoApp.swift */ = {isa = PBXFileReference; lastKnownFileType = sourcecode.swift; path = SottoApp.swift; sourceTree = "<group>"; };
/* End PBXFileReference section */

/* Begin PBXGroup section */
		046C650F6CA30AF0F4C0F90E = {
			isa = PBXGroup;
			children = (
				8BA605C7BDB6BDE5F8F1F31F /* Generated */,
				FFECEEF471E4F3E9C3E6D81E /* Sources */,
				E617AEF01C6F211890031A14 /* Products */,
			);
			sourceTree = "<group>";
		};
		8BA605C7BDB6BDE5F8F1F31F /* Generated */ = {
			isa = PBXGroup;
			children = (
				A58CC4DC6C19BCF551A8B323 /* sotto_core.swift */,
				3B22663CE85E0B79412A9393 /* sotto_coreFFI.h */,
				BD2BC6259E520AD5599486E0 /* sotto_coreFFI.modulemap */,
			);
			path = Generated;
			sourceTree = "<group>";
		};
		E617AEF01C6F211890031A14 /* Products */ = {
			isa = PBXGroup;
			children = (
				51B37E9B9DFD8AF4C4081CC2 /* SottoApp.app */,
			);
			name = Products;
			sourceTree = "<group>";
		};
		FFECEEF471E4F3E9C3E6D81E /* Sources */ = {
			isa = PBXGroup;
			children = (
				C08FA962BA7F298694DC4135 /* AppState.swift */,
				24A64E7133E4C251D8BA7ED1 /* MenuBarView.swift */,
				C322C63635568ECCCB977831 /* RecordingOverlay.swift */,
				750D5B72705F687ECF0E94B7 /* SettingsView.swift */,
				F859E3D7B85FF3773AAADED6 /* SottoApp.swift */,
			);
			path = Sources;
			sourceTree = "<group>";
		};
/* End PBXGroup section */

/* Begin PBXNativeTarget section */
		703D13697909C6732486C50B /* SottoApp */ = {
			isa = PBXNativeTarget;
			buildConfigurationList = F37B64B94CF429986AC1B0D0 /* Build configuration list for PBXNativeTarget "SottoApp" */;
			buildPhases = (
				07C983699F61E5E86C378B0C /* Sources */,
			);
			buildRules = (
			);
			dependencies = (
			);
			name = SottoApp;
			packageProductDependencies = (
			);
			productName = SottoApp;
			productReference = 51B37E9B9DFD8AF4C4081CC2 /* SottoApp.app */;
			productType = "com.apple.product-type.application";
		};
/* End PBXNativeTarget section */

/* Begin PBXProject section */
		8A1E6B35A5771DB48D3EC453 /* Project object */ = {
			isa = PBXProject;
			attributes = {
				BuildIndependentTargetsInParallel = YES;
				LastUpgradeCheck = 1600;
			};
			buildConfigurationList = 61878EE727E376EDD12154E3 /* Build configuration list for PBXProject "SottoApp" */;
			compatibilityVersion = "Xcode 14.0";
			developmentRegion = en;
			hasScannedForEncodings = 0;
			knownRegions = (
				Base,
				en,
			);
			mainGroup = 046C650F6CA30AF0F4C0F90E;
			minimizedProjectReferenceProxies = 1;
			preferredProjectObjectVersion = 77;
			projectDirPath = "";
			projectRoot = "";
			targets = (
				703D13697909C6732486C50B /* SottoApp */,
			);
		};
/* End PBXProject section */

/* Begin PBXSourcesBuildPhase section */
		07C983699F61E5E86C378B0C /* Sources */ = {
			isa = PBXSourcesBuildPhase;
			buildActionMask = 2147483647;
			files = (
				649E0BC0EB7F25A027A53B5B /* AppState.swift in Sources */,
				D08D80330F47AD9A4AEF4590 /* MenuBarView.swift in Sources */,
				FBE6D7312FC1B804D19A77E4 /* RecordingOverlay.swift in Sources */,
				CF9BE08BAACCE6E16AC37491 /* SettingsView.swift in Sources */,
				6675F813F845D006D478B48A /* SottoApp.swift in Sources */,
				89C3C17473978AD55636D2B2 /* sotto_core.swift in Sources */,
			);
			runOnlyForDeploymentPostprocessing = 0;
		};
/* End PBXSourcesBuildPhase section */

/* Begin XCBuildConfiguration section */
		6E6C20DA3C5083B4C2AE513C /* Release */ = {
			isa = XCBuildConfiguration;
			buildSettings = {
				ALWAYS_SEARCH_USER_PATHS = NO;
				CLANG_ANALYZER_NONNULL = YES;
				CLANG_ANALYZER_NUMBER_OBJECT_CONVERSION = YES_AGGRESSIVE;
				CLANG_CXX_LANGUAGE_STANDARD = "gnu++14";
				CLANG_CXX_LIBRARY = "libc++";
				CLANG_ENABLE_MODULES = YES;
				CLANG_ENABLE_OBJC_ARC = YES;
				CLANG_ENABLE_OBJC_WEAK = YES;
				CLANG_WARN_BLOCK_CAPTURE_AUTORELEASING = YES;
				CLANG_WARN_BOOL_CONVERSION = YES;
				CLANG_WARN_COMMA = YES;
				CLANG_WARN_CONSTANT_CONVERSION = YES;
				CLANG_WARN_DEPRECATED_OBJC_IMPLEMENTATIONS = YES;
				CLANG_WARN_DIRECT_OBJC_ISA_USAGE = YES_ERROR;
				CLANG_WARN_DOCUMENTATION_COMMENTS = YES;
				CLANG_WARN_EMPTY_BODY = YES;
				CLANG_WARN_ENUM_CONVERSION = YES;
				CLANG_WARN_INFINITE_RECURSION = YES;
				CLANG_WARN_INT_CONVERSION = YES;
				CLANG_WARN_NON_LITERAL_NULL_CONVERSION = YES;
				CLANG_WARN_OBJC_IMPLICIT_RETAIN_SELF = YES;
				CLANG_WARN_OBJC_LITERAL_CONVERSION = YES;
				CLANG_WARN_OBJC_ROOT_CLASS = YES_ERROR;
				CLANG_WARN_QUOTED_INCLUDE_IN_FRAMEWORK_HEADER = YES;
				CLANG_WARN_RANGE_LOOP_ANALYSIS = YES;
				CLANG_WARN_STRICT_PROTOTYPES = YES;
				CLANG_WARN_SUSPICIOUS_MOVE = YES;
				CLANG_WARN_UNGUARDED_AVAILABILITY = YES_AGGRESSIVE;
				CLANG_WARN_UNREACHABLE_CODE = YES;
				CLANG_WARN__DUPLICATE_METHOD_MATCH = YES;
				COPY_PHASE_STRIP = NO;
				DEBUG_INFORMATION_FORMAT = "dwarf-with-dsym";
				ENABLE_NS_ASSERTIONS = NO;
				ENABLE_STRICT_OBJC_MSGSEND = YES;
				GCC_C_LANGUAGE_STANDARD = gnu11;
				GCC_NO_COMMON_BLOCKS = YES;
				GCC_WARN_64_TO_32_BIT_CONVERSION = YES;
				GCC_WARN_ABOUT_RETURN_TYPE = YES_ERROR;
				GCC_WARN_UNDECLARED_SELECTOR = YES;
				GCC_WARN_UNINITIALIZED_AUTOS = YES_AGGRESSIVE;
				GCC_WARN_UNUSED_FUNCTION = YES;
				GCC_WARN_UNUSED_VARIABLE = YES;
				MACOSX_DEPLOYMENT_TARGET = 14.0;
				MTL_ENABLE_DEBUG_INFO = NO;
				MTL_FAST_MATH = YES;
				PRODUCT_NAME = "$(TARGET_NAME)";
				SDKROOT = macosx;
				SWIFT_COMPILATION_MODE = wholemodule;
				SWIFT_OPTIMIZATION_LEVEL = "-O";
				SWIFT_VERSION = 5.10;
			};
			name = Release;
		};
		C3401FABA573C13231A23B7C /* Release */ = {
			isa = XCBuildConfiguration;
			buildSettings = {
				ASSETCATALOG_COMPILER_APPICON_NAME = AppIcon;
				CODE_SIGN_ENTITLEMENTS = SottoApp.entitlements;
				COMBINE_HIDPI_IMAGES = YES;
				INFOPLIST_FILE = Resources/Info.plist;
				LD_RUNPATH_SEARCH_PATHS = "$(inherited) @executable_path/../Frameworks";
				LIBRARY_SEARCH_PATHS = (
					"$(inherited)",
					"$(PROJECT_DIR)/../target/release",
				);
				OTHER_LDFLAGS = (
					"-lsotto_core",
					"-framework",
					Accelerate,
					"-framework",
					CoreML,
					"-framework",
					Metal,
					"-framework",
					MetalKit,
					"-framework",
					CoreAudio,
					"-framework",
					AudioToolbox,
					"-framework",
					Security,
				);
				PRODUCT_BUNDLE_IDENTIFIER = dev.sotto.app;
				SDKROOT = macosx;
				SWIFT_IMPORT_PATHS = (
					"$(PROJECT_DIR)/Generated",
				);
				SWIFT_OBJC_BRIDGING_HEADER = "";
			};
			name = Release;
		};
		CA7DE1BD88ED1A1B9F600CC6 /* Debug */ = {
			isa = XCBuildConfiguration;
			buildSettings = {
				ALWAYS_SEARCH_USER_PATHS = NO;
				CLANG_ANALYZER_NONNULL = YES;
				CLANG_ANALYZER_NUMBER_OBJECT_CONVERSION = YES_AGGRESSIVE;
				CLANG_CXX_LANGUAGE_STANDARD = "gnu++14";
				CLANG_CXX_LIBRARY = "libc++";
				CLANG_ENABLE_MODULES = YES;
				CLANG_ENABLE_OBJC_ARC = YES;
				CLANG_ENABLE_OBJC_WEAK = YES;
				CLANG_WARN_BLOCK_CAPTURE_AUTORELEASING = YES;
				CLANG_WARN_BOOL_CONVERSION = YES;
				CLANG_WARN_COMMA = YES;
				CLANG_WARN_CONSTANT_CONVERSION = YES;
				CLANG_WARN_DEPRECATED_OBJC_IMPLEMENTATIONS = YES;
				CLANG_WARN_DIRECT_OBJC_ISA_USAGE = YES_ERROR;
				CLANG_WARN_DOCUMENTATION_COMMENTS = YES;
				CLANG_WARN_EMPTY_BODY = YES;
				CLANG_WARN_ENUM_CONVERSION = YES;
				CLANG_WARN_INFINITE_RECURSION = YES;
				CLANG_WARN_INT_CONVERSION = YES;
				CLANG_WARN_NON_LITERAL_NULL_CONVERSION = YES;
				CLANG_WARN_OBJC_IMPLICIT_RETAIN_SELF = YES;
				CLANG_WARN_OBJC_LITERAL_CONVERSION = YES;
				CLANG_WARN_OBJC_ROOT_CLASS = YES_ERROR;
				CLANG_WARN_QUOTED_INCLUDE_IN_FRAMEWORK_HEADER = YES;
				CLANG_WARN_RANGE_LOOP_ANALYSIS = YES;
				CLANG_WARN_STRICT_PROTOTYPES = YES;
				CLANG_WARN_SUSPICIOUS_MOVE = YES;
				CLANG_WARN_UNGUARDED_AVAILABILITY = YES_AGGRESSIVE;
				CLANG_WARN_UNREACHABLE_CODE = YES;
				CLANG_WARN__DUPLICATE_METHOD_MATCH = YES;
				COPY_PHASE_STRIP = NO;
				DEBUG_INFORMATION_FORMAT = dwarf;
				ENABLE_STRICT_OBJC_MSGSEND = YES;
				ENABLE_TESTABILITY = YES;
				GCC_C_LANGUAGE_STANDARD = gnu11;
				GCC_DYNAMIC_NO_PIC = NO;
				GCC_NO_COMMON_BLOCKS = YES;
				GCC_OPTIMIZATION_LEVEL = 0;
				GCC_PREPROCESSOR_DEFINITIONS = (
					"$(inherited)",
					"DEBUG=1",
				);
				GCC_WARN_64_TO_32_BIT_CONVERSION = YES;
				GCC_WARN_ABOUT_RETURN_TYPE = YES_ERROR;
				GCC_WARN_UNDECLARED_SELECTOR = YES;
				GCC_WARN_UNINITIALIZED_AUTOS = YES_AGGRESSIVE;
				GCC_WARN_UNUSED_FUNCTION = YES;
				GCC_WARN_UNUSED_VARIABLE = YES;
				MACOSX_DEPLOYMENT_TARGET = 14.0;
				MTL_ENABLE_DEBUG_INFO = INCLUDE_SOURCE;
				MTL_FAST_MATH = YES;
				ONLY_ACTIVE_ARCH = YES;
				PRODUCT_NAME = "$(TARGET_NAME)";
				SDKROOT = macosx;
				SWIFT_ACTIVE_COMPILATION_CONDITIONS = DEBUG;
				SWIFT_OPTIMIZATION_LEVEL = "-Onone";
				SWIFT_VERSION = 5.10;
			};
			name = Debug;
		};
		E573C95D78D1F98B0271DE55 /* Debug */ = {
			isa = XCBuildConfiguration;
			buildSettings = {
				ASSETCATALOG_COMPILER_APPICON_NAME = AppIcon;
				CODE_SIGN_ENTITLEMENTS = SottoApp.entitlements;
				COMBINE_HIDPI_IMAGES = YES;
				INFOPLIST_FILE = Resources/Info.plist;
				LD_RUNPATH_SEARCH_PATHS = "$(inherited) @executable_path/../Frameworks";
				LIBRARY_SEARCH_PATHS = (
					"$(inherited)",
					"$(PROJECT_DIR)/../target/release",
				);
				OTHER_LDFLAGS = (
					"-lsotto_core",
					"-framework",
					Accelerate,
					"-framework",
					CoreML,
					"-framework",
					Metal,
					"-framework",
					MetalKit,
					"-framework",
					CoreAudio,
					"-framework",
					AudioToolbox,
					"-framework",
					Security,
				);
				PRODUCT_BUNDLE_IDENTIFIER = dev.sotto.app;
				SDKROOT = macosx;
				SWIFT_IMPORT_PATHS = (
					"$(PROJECT_DIR)/Generated",
				);
				SWIFT_OBJC_BRIDGING_HEADER = "";
			};
			name = Debug;
		};
/* End XCBuildConfiguration section */

/* Begin XCConfigurationList section */
		61878EE727E376EDD12154E3 /* Build configuration list for PBXProject "SottoApp" */ = {
			isa = XCConfigurationList;
			buildConfigurations = (
				CA7DE1BD88ED1A1B9F600CC6 /* Debug */,
				6E6C20DA3C5083B4C2AE513C /* Release */,
			);
			defaultConfigurationIsVisible = 0;
			defaultConfigurationName = Debug;
		};
		F37B64B94CF429986AC1B0D0 /* Build configuration list for PBXNativeTarget "SottoApp" */ = {
			isa = XCConfigurationList;
			buildConfigurations = (
				E573C95D78D1F98B0271DE55 /* Debug */,
				C3401FABA573C13231A23B7C /* Release */,
			);
			defaultConfigurationIsVisible = 0;
			defaultConfigurationName = Debug;
		};
/* End XCConfigurationList section */
	};
	rootObject = 8A1E6B35A5771DB48D3EC453 /* Project object */;
}
